
Microsoft Visual Studio Solution File, Format Version 12.00
# Visual Studio Version 17
VisualStudioVersion = 17.3.32825.248
MinimumVisualStudioVersion = 10.0.40219.1
Project("{FAE04EC0-301F-11D3-BF4B-00C04F79EFBC}") = "PerceptronProjectRe", "PerceptronProjectRe.csproj", "{137DD1E7-2219-42D3-AB84-1F3857FB813C}"
EndProject
Global
	GlobalSection(SolutionConfigurationPlatforms) = preSolution
		Debug|Any CPU = Debug|Any CPU
		Release|Any CPU = Release|Any CPU
	EndGlobalSection
	GlobalSection(ProjectConfigurationPlatforms) = postSolution
		{137DD1E7-2219-42D3-AB84-1F3857FB813C}.Debug|Any CPU.ActiveCfg = Debug|Any CPU
		{137DD1E7-2219-42D3-AB84-1F3857FB813C}.Debug|Any CPU.Build.0 = Debug|Any CPU
		{137DD1E7-2219-42D3-AB84-1F3857FB813C}.Release|Any CPU.ActiveCfg = Release|Any CPU
		{137DD1E7-2219-42D3-AB84-1F3857FB813C}.Release|Any CPU.Build.0 = Release|Any CPU
	EndGlobalSection
	GlobalSection(SolutionProperties) = preSolution
		HideSolutionNode = FALSE
	EndGlobalSection
	GlobalSection(ExtensibilityGlobals) = postSolution
		SolutionGuid = {3817830A-48DF-4483-A6DE-1A04EA589E74}
	EndGlobalSection
EndGlobal
